// !$*UTF8*$!
{
	archiveVersion = 1;
	classes = {
	};
	objectVersion = 46;
	objects = {

/* Begin PBXBuildFile section */
		A6E0DD4A1E9E118B005448FF /* AppDelegate.swift in Sources */ = {isa = PBXBuildFile; fileRef = A6E0DD491E9E118B005448FF /* AppDelegate.swift */; };
		A6E0DD4C1E9E118B005448FF /* ViewController.swift in Sources */ = {isa = PBXBuildFile; fileRef = A6E0DD4B1E9E118B005448FF /* ViewController.swift */; };
		A6E0DD4F1E9E118B005448FF /* Main.storyboard in Resources */ = {isa = PBXBuildFile; fileRef = A6E0DD4D1E9E118B005448FF /* Main.storyboard */; };
		A6E0DD511E9E118B005448FF /* Assets.xcassets in Resources */ = {isa = PBXBuildFile; fileRef = A6E0DD501E9E118B005448FF /* Assets.xcassets */; };
		A6E0DD541E9E118B005448FF /* LaunchScreen.storyboard in Resources */ = {isa = PBXBuildFile; fileRef = A6E0DD521E9E118B005448FF /* LaunchScreen.storyboard */; };
/* End PBXBuildFile section */

/* Begin PBXFileReference section */
		A6E0DD461E9E118B005448FF /* demoGit.app */ = {isa = PBXFileReference; explicitFileType = wrapper.application; includeInIndex = 0; path = demoGit.app; sourceTree = BUILT_PRODUCTS_DIR; };
		A6E0DD491E9E118B005448FF /* AppDelegate.swift */ = {isa = PBXFileReference; lastKnownFileType = sourcecode.swift; path = AppDelegate.swift; sourceTree = "<group>"; };
		A6E0DD4B1E9E118B005448FF /* ViewController.swift */ = {isa = PBXFileReference; lastKnownFileType = sourcecode.swift; path = ViewController.swift; sourceTree = "<group>"; };
		A6E0DD4E1E9E118B005448FF /* Base */ = {isa = PBXFileReference; lastKnownFileType = file.storyboard; name = Base; path = Base.lproj/Main.storyboard; sourceTree = "<group>"; };
		A6E0DD501E9E118B005448FF /* Assets.xcassets */ = {isa = PBXFileReference; lastKnownFileType = folder.assetcatalog; path = Assets.xcassets; sourceTree = "<group>"; };
		A6E0DD531E9E118B005448FF /* Base */ = {isa = PBXFileReference; lastKnownFileType = file.storyboard; name = Base; path = Base.lproj/LaunchScreen.storyboard; sourceTree = "<group>"; };
		A6E0DD551E9E118B005448FF /* Info.plist */ = {isa = PBXFileReference; lastKnownFileType = text.plist.xml; path = Info.plist; sourceTree = "<group>"; };
/* End PBXFileReference section */

/* Begin PBXFrameworksBuildPhase section */
		A6E0DD431E9E118B005448FF /* Frameworks */ = {
			isa = PBXFrameworksBuildPhase;
			buildActionMask = 2147483647;
			files = (
			);
			runOnlyForDeploymentPostprocessing = 0;
		};
/* End PBXFrameworksBuildPhase section */

/* Begin PBXGroup section */
		A6E0DD3D1E9E118B005448FF = {
			isa = PBXGroup;
			children = (
				A6E0DD481E9E118B005448FF /* demoGit */,
				A6E0DD471E9E118B005448FF /* Products */,
			);
			sourceTree = "<group>";
		};
		A6E0DD471E9E118B005448FF /* Products */ = {
			isa = PBXGroup;
			children = (
				A6E0DD461E9E118B005448FF /* demoGit.app */,
			);
			name = Products;
			sourceTree = "<group>";
		};
		A6E0DD481E9E118B005448FF /* demoGit */ = {
			isa = PBXGroup;
			children = (
				A6E0DD491E9E118B005448FF /* AppDelegate.swift */,
				A6E0DD4B1E9E118B005448FF /* ViewController.swift */,
				A6E0DD4D1E9E118B005448FF /* Main.storyboard */,
				A6E0DD501E9E118B005448FF /* Assets.xcassets */,
				A6E0DD521E9E118B005448FF /* LaunchScreen.storyboard */,
				A6E0DD551E9E118B005448FF /* Info.plist */,
			);
			path = demoGit;
			sourceTree = "<group>";
		};
/* End PBXGroup section */

/* Begin PBXNativeTarget section */
		A6E0DD451E9E118B005448FF /* demoGit */ = {
			isa = PBXNativeTarget;
			buildConfigurationList = A6E0DD581E9E118B005448FF /* Build configuration list for PBXNativeTarget "demoGit" */;
			buildPhases = (
				A6E0DD421E9E118B005448FF /* Sources */,
				A6E0DD431E9E118B005448FF /* Frameworks */,
				A6E0DD441E9E118B005448FF /* Resources */,
			);
			buildRules = (
			);
			dependencies = (
			);
			name = demoGit;
			productName = demoGit;
			productReference = A6E0DD461E9E118B005448FF /* demoGit.app */;
			productType = "com.apple.product-type.application";
		};
/* End PBXNativeTarget section */

/* Begin PBXProject section */
		A6E0DD3E1E9E118B005448FF /* Project object */ = {
			isa = PBXProject;
			attributes = {
				LastSwiftUpdateCheck = 0820;
				LastUpgradeCheck = 0820;
				ORGANIZATIONNAME = silverpear;
				TargetAttributes = {
					A6E0DD451E9E118B005448FF = {
						CreatedOnToolsVersion = 8.2.1;
						ProvisioningStyle = Automatic;
					};
				};
			};
			buildConfigurationList = A6E0DD411E9E118B005448FF /* Build configuration list for PBXProject "demoGit" */;
			compatibilityVersion = "Xcode 3.2";
			developmentRegion = English;
			hasScannedForEncodings = 0;
			knownRegions = (
				en,
				Base,
			);
			mainGroup = A6E0DD3D1E9E118B005448FF;
			productRefGroup = A6E0DD471E9E118B005448FF /* Products */;
			projectDirPath = "";
			projectRoot = "";
			targets = (
				A6E0DD451E9E118B005448FF /* demoGit */,
			);
		};
/* End PBXProject section */

/* Begin PBXResourcesBuildPhase section */
		A6E0DD441E9E118B005448FF /* Resources */ = {
			isa = PBXResourcesBuildPhase;
			buildActionMask = 2147483647;
			files = (
				A6E0DD541E9E118B005448FF /* LaunchScreen.storyboard in Resources */,
				A6E0DD511E9E118B005448FF /* Assets.xcassets in Resources */,
				A6E0DD4F1E9E118B005448FF /* Main.storyboard in Resources */,
			);
			runOnlyForDeploymentPostprocessing = 0;
		};
/* End PBXResourcesBuildPhase section */

/* Begin PBXSourcesBuildPhase section */
		A6E0DD421E9E118B005448FF /* Sources */ = {
			isa = PBXSourcesBuildPhase;
			buildActionMask = 2147483647;
			files = (
				A6E0DD4C1E9E118B005448FF /* ViewController.swift in Sources */,
				A6E0DD4A1E9E118B005448FF /* AppDelegate.swift in Sources */,
			);
			runOnlyForDeploymentPostprocessing = 0;
		};
/* End PBXSourcesBuildPhase section */

/* Begin PBXVariantGroup section */
		A6E0DD4D1E9E118B005448FF /* Main.storyboard */ = {
			isa = PBXVariantGroup;
			children = (
				A6E0DD4E1E9E118B005448FF /* Base */,
			);
			name = Main.storyboard;
			sourceTree = "<group>";
		};
		A6E0DD521E9E118B005448FF /* LaunchScreen.storyboard */ = {
			isa = PBXVariantGroup;
			children = (
				A6E0DD531E9E118B005448FF /* Base */,
			);
			name = LaunchScreen.storyboard;
			sourceTree = "<group>";
		};
/* End PBXVariantGroup section */

/* Begin XCBuildConfiguration section */
		A6E0DD561E9E118B005448FF /* Debug */ = {
			isa = XCBuildConfiguration;
			buildSettings = {
				ALWAYS_SEARCH_USER_PATHS = NO;
				CLANG_ANALYZER_NONNULL = YES;
				CLANG_CXX_LANGUAGE_STANDARD = "gnu++0x";
				CLANG_CXX_LIBRARY = "libc++";
				CLANG_ENABLE_MODULES = YES;
				CLANG_ENABLE_OBJC_ARC = YES;
				CLANG_WARN_BOOL_CONVERSION = YES;
				CLANG_WARN_CONSTANT_CONVERSION = YES;
				CLANG_WARN_DIRECT_OBJC_ISA_USAGE = YES_ERROR;
				CLANG_WARN_DOCUMENTATION_COMMENTS = YES;
				CLANG_WARN_EMPTY_BODY = YES;
				CLANG_WARN_ENUM_CONVERSION = YES;
				CLANG_WARN_INFINITE_RECURSION = YES;
				CLANG_WARN_INT_CONVERSION = YES;
				CLANG_WARN_OBJC_ROOT_CLASS = YES_ERROR;
				CLANG_WARN_SUSPICIOUS_MOVE = YES;
				CLANG_WARN_UNREACHABLE_CODE = YES;
				CLANG_WARN__DUPLICATE_METHOD_MATCH = YES;
				"CODE_SIGN_IDENTITY[sdk=iphoneos*]" = "iPhone Developer";
				COPY_PHASE_STRIP = NO;
				DEBUG_INFORMATION_FORMAT = dwarf;
				ENABLE_STRICT_OBJC_MSGSEND = YES;
				ENABLE_TESTABILITY = YES;
				GCC_C_LANGUAGE_STANDARD = gnu99;
				GCC_DYNAMIC_NO_PIC = NO;
				GCC_NO_COMMON_BLOCKS = YES;
				GCC_OPTIMIZATION_LEVEL = 0;
				GCC_PREPROCESSOR_DEFINITIONS = (
					"DEBUG=1",
					"$(inherited)",
				);
				GCC_WARN_64_TO_32_BIT_CONVERSION = YES;
				GCC_WARN_ABOUT_RETURN_TYPE = YES_ERROR;
				GCC_WARN_UNDECLARED_SELECTOR = YES;
				GCC_WARN_UNINITIALIZED_AUTOS = YES_AGGRESSIVE;
				GCC_WARN_UNUSED_FUNCTION = YES;
				GCC_WARN_UNUSED_VARIABLE = YES;
				IPHONEOS_DEPLOYMENT_TARGET = 10.2;
				MTL_ENABLE_DEBUG_INFO = YES;
				ONLY_ACTIVE_ARCH = YES;
				SDKROOT = iphoneos;
				SWIFT_ACTIVE_COMPILATION_CONDITIONS = DEBUG;
				SWIFT_OPTIMIZATION_LEVEL = "-Onone";
				TARGETED_DEVICE_FAMILY = "1,2";
			};
			name = Debug;
		};
		A6E0DD571E9E118B005448FF /* Release */ = {
			isa = XCBuildConfiguration;
			buildSettings = {
				ALWAYS_SEARCH_USER_PATHS = NO;
				CLANG_ANALYZER_NONNULL = YES;
				CLANG_CXX_LANGUAGE_STANDARD = "gnu++0x";
				CLANG_CXX_LIBRARY = "libc++";
				CLANG_ENABLE_MODULES = YES;
				CLANG_ENABLE_OBJC_ARC = YES;
				CLANG_WARN_BOOL_CONVERSION = YES;
				CLANG_WARN_CONSTANT_CONVERSION = YES;
				CLANG_WARN_DIRECT_OBJC_ISA_USAGE = YES_ERROR;
				CLANG_WARN_DOCUMENTATION_COMMENTS = YES;
				CLANG_WARN_EMPTY_BODY = YES;
				CLANG_WARN_ENUM_CONVERSION = YES;
				CLANG_WARN_INFINITE_RECURSION = YES;
				CLANG_WARN_INT_CONVERSION = YES;
				CLANG_WARN_OBJC_ROOT_CLASS = YES_ERROR;
				CLANG_WARN_SUSPICIOUS_MOVE = YES;
				CLANG_WARN_UNREACHABLE_CODE = YES;
				CLANG_WARN__DUPLICATE_METHOD_MATCH = YES;
				"CODE_SIGN_IDENTITY[sdk=iphoneos*]" = "iPhone Developer";
				COPY_PHASE_STRIP = NO;
				DEBUG_INFORMATION_FORMAT = "dwarf-with-dsym";
				ENABLE_NS_ASSERTIONS = NO;
				ENABLE_STRICT_OBJC_MSGSEND = YES;
				GCC_C_LANGUAGE_STANDARD = gnu99;
				GCC_NO_COMMON_BLOCKS = YES;
				GCC_WARN_64_TO_32_BIT_CONVERSION = YES;
				GCC_WARN_ABOUT_RETURN_TYPE = YES_ERROR;
				GCC_WARN_UNDECLARED_SELECTOR = YES;
				GCC_WARN_UNINITIALIZED_AUTOS = YES_AGGRESSIVE;
				GCC_WARN_UNUSED_FUNCTION = YES;
				GCC_WARN_UNUSED_VARIABLE = YES;
				IPHONEOS_DEPLOYMENT_TARGET = 10.2;
				MTL_ENABLE_DEBUG_INFO = NO;
				SDKROOT = iphoneos;
				SWIFT_OPTIMIZATION_LEVEL = "-Owholemodule";
				TARGETED_DEVICE_FAMILY = "1,2";
				VALIDATE_PRODUCT = YES;
			};
			name = Release;
		};
		A6E0DD591E9E118B005448FF /* Debug */ = {
			isa = XCBuildConfiguration;
			buildSettings = {
				ASSETCATALOG_COMPILER_APPICON_NAME = AppIcon;
				INFOPLIST_FILE = demoGit/Info.plist;
				LD_RUNPATH_SEARCH_PATHS = "$(inherited) @executable_path/Frameworks";
				PRODUCT_BUNDLE_IDENTIFIER = com.silverpear.demoGit;
				PRODUCT_NAME = "$(TARGET_NAME)";
				SWIFT_VERSION = 3.0;
			};
			name = Debug;
		};
		A6E0DD5A1E9E118B005448FF /* Release */ = {
			isa = XCBuildConfiguration;
			buildSettings = {
				ASSETCATALOG_COMPILER_APPICON_NAME = AppIcon;
				INFOPLIST_FILE = demoGit/Info.plist;
				LD_RUNPATH_SEARCH_PATHS = "$(inherited) @executable_path/Frameworks";
				PRODUCT_BUNDLE_IDENTIFIER = com.silverpear.demoGit;
				PRODUCT_NAME = "$(TARGET_NAME)";
				SWIFT_VERSION = 3.0;
			};
			name = Release;
		};
/* End XCBuildConfiguration section */

/* Begin XCConfigurationList section */
		A6E0DD411E9E118B005448FF /* Build configuration list for PBXProject "demoGit" */ = {
			isa = XCConfigurationList;
			buildConfigurations = (
				A6E0DD561E9E118B005448FF /* Debug */,
				A6E0DD571E9E118B005448FF /* Release */,
			);
			defaultConfigurationIsVisible = 0;
			defaultConfigurationName = Release;
		};
		A6E0DD581E9E118B005448FF /* Build configuration list for PBXNativeTarget "demoGit" */ = {
			isa = XCConfigurationList;
			buildConfigurations = (
				A6E0DD591E9E118B005448FF /* Debug */,
				A6E0DD5A1E9E118B005448FF /* Release */,
			);
			defaultConfigurationIsVisible = 0;
		};
/* End XCConfigurationList section */
	};
	rootObject = A6E0DD3E1E9E118B005448FF /* Project object */;
}
